
Microsoft Visual Studio Solution File, Format Version 12.00
# Visual Studio Version 17
VisualStudioVersion = 17.4.33213.308
MinimumVisualStudioVersion = 10.0.40219.1
Project("{9A19103F-16F7-4668-BE54-9A1E7A4F7556}") = "Runtime", "Runtime\Runtime.csproj", "{34C5119E-BF47-4584-8D76-C0F07B14A9C7}"
EndProject
Project("{9A19103F-16F7-4668-BE54-9A1E7A4F7556}") = "Tests", "Tests\Tests.csproj", "{EF6A5257-0310-4851-9BD1-1C634E5BBBB0}"
EndProject
Global
	GlobalSection(SolutionConfigurationPlatforms) = preSolution
		Debug|Any CPU = Debug|Any CPU
		Release|Any CPU = Release|Any CPU
	EndGlobalSection
	GlobalSection(ProjectConfigurationPlatforms) = postSolution
		{34C5119E-BF47-4584-8D76-C0F07B14A9C7}.Debug|Any CPU.ActiveCfg = Debug|Any CPU
		{34C5119E-BF47-4584-8D76-C0F07B14A9C7}.Debug|Any CPU.Build.0 = Debug|Any CPU
		{34C5119E-BF47-4584-8D76-C0F07B14A9C7}.Release|Any CPU.ActiveCfg = Release|Any CPU
		{34C5119E-BF47-4584-8D76-C0F07B14A9C7}.Release|Any CPU.Build.0 = Release|Any CPU
		{EF6A5257-0310-4851-9BD1-1C634E5BBBB0}.Debug|Any CPU.ActiveCfg = Debug|Any CPU
		{EF6A5257-0310-4851-9BD1-1C634E5BBBB0}.Debug|Any CPU.Build.0 = Debug|Any CPU
		{EF6A5257-0310-4851-9BD1-1C634E5BBBB0}.Release|Any CPU.ActiveCfg = Release|Any CPU
		{EF6A5257-0310-4851-9BD1-1C634E5BBBB0}.Release|Any CPU.Build.0 = Release|Any CPU
	EndGlobalSection
	GlobalSection(SolutionProperties) = preSolution
		HideSolutionNode = FALSE
	EndGlobalSection
	GlobalSection(ExtensibilityGlobals) = postSolution
		SolutionGuid = {28A2F9D1-2ECA-4A3A-8068-5A4D8244CB6A}
	EndGlobalSection
EndGlobal
